
Microsoft Visual Studio Solution File, Format Version 12.00
# Visual Studio Version 17
VisualStudioVersion = 17.4.33213.308
MinimumVisualStudioVersion = 10.0.40219.1
Project("{2150E333-8FDC-42A3-9474-1A3956D46DE8}") = "src", "src", "{7E087728-EE43-426C-95E3-07673EE33C3E}"
EndProject
Project("{2150E333-8FDC-42A3-9474-1A3956D46DE8}") = "Core", "Core", "{295FCCBA-DB56-41C5-97B1-54C607A9F0C3}"
EndProject
Project("{9A19103F-16F7-4668-BE54-9A1E7A4F7556}") = "EvaluationSystem.Domain", "src\Core\EvaluationSystem.Domain\EvaluationSystem.Domain.csproj", "{0061F452-686C-456A-B728-9880884073FA}"
EndProject
Project("{9A19103F-16F7-4668-BE54-9A1E7A4F7556}") = "EvaluationSystem.Application", "src\Core\EvaluationSystem.Application\EvaluationSystem.Application.csproj", "{CE1B819A-8596-4663-896F-EA1741365237}"
EndProject
Project("{2150E333-8FDC-42A3-9474-1A3956D46DE8}") = "Infrastructure", "Infrastructure", "{0DC9FAAE-3F5B-4FA0-B864-1C2EA9BA4DFC}"
EndProject
Project("{9A19103F-16F7-4668-BE54-9A1E7A4F7556}") = "EvaluationSystem.Persistence", "src\Infrastructure\EvaluationSystem.Persistence\EvaluationSystem.Persistence.csproj", "{021279E9-9F6C-43FC-9B10-F48E7859F805}"
EndProject
Project("{2150E333-8FDC-42A3-9474-1A3956D46DE8}") = "Presentation", "Presentation", "{495CE479-2DC8-4427-815A-6C2AC55A5B81}"
EndProject
Project("{9A19103F-16F7-4668-BE54-9A1E7A4F7556}") = "EvaluationSystem.API", "src\Presentation\EvaluationSystem.API\EvaluationSystem.API.csproj", "{2472FBDE-90C1-4CC4-9042-D959C945202B}"
EndProject
Project("{E53339B2-1760-4266-BCC7-CA923CBCF16C}") = "docker-compose", "docker-compose.dcproj", "{6FC962D3-4AE9-4A26-9255-685CA3A329E5}"
EndProject
Global
	GlobalSection(SolutionConfigurationPlatforms) = preSolution
		Debug|Any CPU = Debug|Any CPU
		Release|Any CPU = Release|Any CPU
	EndGlobalSection
	GlobalSection(ProjectConfigurationPlatforms) = postSolution
		{0061F452-686C-456A-B728-9880884073FA}.Debug|Any CPU.ActiveCfg = Debug|Any CPU
		{0061F452-686C-456A-B728-9880884073FA}.Debug|Any CPU.Build.0 = Debug|Any CPU
		{0061F452-686C-456A-B728-9880884073FA}.Release|Any CPU.ActiveCfg = Release|Any CPU
		{0061F452-686C-456A-B728-9880884073FA}.Release|Any CPU.Build.0 = Release|Any CPU
		{CE1B819A-8596-4663-896F-EA1741365237}.Debug|Any CPU.ActiveCfg = Debug|Any CPU
		{CE1B819A-8596-4663-896F-EA1741365237}.Debug|Any CPU.Build.0 = Debug|Any CPU
		{CE1B819A-8596-4663-896F-EA1741365237}.Release|Any CPU.ActiveCfg = Release|Any CPU
		{CE1B819A-8596-4663-896F-EA1741365237}.Release|Any CPU.Build.0 = Release|Any CPU
		{021279E9-9F6C-43FC-9B10-F48E7859F805}.Debug|Any CPU.ActiveCfg = Debug|Any CPU
		{021279E9-9F6C-43FC-9B10-F48E7859F805}.Debug|Any CPU.Build.0 = Debug|Any CPU
		{021279E9-9F6C-43FC-9B10-F48E7859F805}.Release|Any CPU.ActiveCfg = Release|Any CPU
		{021279E9-9F6C-43FC-9B10-F48E7859F805}.Release|Any CPU.Build.0 = Release|Any CPU
		{2472FBDE-90C1-4CC4-9042-D959C945202B}.Debug|Any CPU.ActiveCfg = Debug|Any CPU
		{2472FBDE-90C1-4CC4-9042-D959C945202B}.Debug|Any CPU.Build.0 = Debug|Any CPU
		{2472FBDE-90C1-4CC4-9042-D959C945202B}.Release|Any CPU.ActiveCfg = Release|Any CPU
		{2472FBDE-90C1-4CC4-9042-D959C945202B}.Release|Any CPU.Build.0 = Release|Any CPU
		{6FC962D3-4AE9-4A26-9255-685CA3A329E5}.Debug|Any CPU.ActiveCfg = Debug|Any CPU
		{6FC962D3-4AE9-4A26-9255-685CA3A329E5}.Debug|Any CPU.Build.0 = Debug|Any CPU
		{6FC962D3-4AE9-4A26-9255-685CA3A329E5}.Release|Any CPU.ActiveCfg = Release|Any CPU
		{6FC962D3-4AE9-4A26-9255-685CA3A329E5}.Release|Any CPU.Build.0 = Release|Any CPU
	EndGlobalSection
	GlobalSection(SolutionProperties) = preSolution
		HideSolutionNode = FALSE
	EndGlobalSection
	GlobalSection(NestedProjects) = preSolution
		{295FCCBA-DB56-41C5-97B1-54C607A9F0C3} = {7E087728-EE43-426C-95E3-07673EE33C3E}
		{0061F452-686C-456A-B728-9880884073FA} = {295FCCBA-DB56-41C5-97B1-54C607A9F0C3}
		{CE1B819A-8596-4663-896F-EA1741365237} = {295FCCBA-DB56-41C5-97B1-54C607A9F0C3}
		{0DC9FAAE-3F5B-4FA0-B864-1C2EA9BA4DFC} = {7E087728-EE43-426C-95E3-07673EE33C3E}
		{021279E9-9F6C-43FC-9B10-F48E7859F805} = {0DC9FAAE-3F5B-4FA0-B864-1C2EA9BA4DFC}
		{495CE479-2DC8-4427-815A-6C2AC55A5B81} = {7E087728-EE43-426C-95E3-07673EE33C3E}
		{2472FBDE-90C1-4CC4-9042-D959C945202B} = {495CE479-2DC8-4427-815A-6C2AC55A5B81}
	EndGlobalSection
	GlobalSection(ExtensibilityGlobals) = postSolution
		SolutionGuid = {B352D054-9596-4E9C-899C-ED893606399A}
	EndGlobalSection
EndGlobal
